
Microsoft Visual Studio Solution File, Format Version 12.00
# Visual Studio Version 16
VisualStudioVersion = 16.0.31205.134
MinimumVisualStudioVersion = 10.0.40219.1
Project("{FAE04EC0-301F-11D3-BF4B-00C04F79EFBC}") = "ObserverPattern", "ObserverPattern\ObserverPattern.csproj", "{08A46EE6-36DA-442E-A274-2208D2A4593C}"
EndProject
Global
	GlobalSection(SolutionConfigurationPlatforms) = preSolution
		Debug|Any CPU = Debug|Any CPU
		Release|Any CPU = Release|Any CPU
	EndGlobalSection
	GlobalSection(ProjectConfigurationPlatforms) = postSolution
		{08A46EE6-36DA-442E-A274-2208D2A4593C}.Debug|Any CPU.ActiveCfg = Debug|Any CPU
		{08A46EE6-36DA-442E-A274-2208D2A4593C}.Debug|Any CPU.Build.0 = Debug|Any CPU
		{08A46EE6-36DA-442E-A274-2208D2A4593C}.Release|Any CPU.ActiveCfg = Release|Any CPU
		{08A46EE6-36DA-442E-A274-2208D2A4593C}.Release|Any CPU.Build.0 = Release|Any CPU
	EndGlobalSection
	GlobalSection(SolutionProperties) = preSolution
		HideSolutionNode = FALSE
	EndGlobalSection
	GlobalSection(ExtensibilityGlobals) = postSolution
		SolutionGuid = {4B3AD5F6-069A-4C64-91C1-86BA32A4BCED}
	EndGlobalSection
EndGlobal
