
Microsoft Visual Studio Solution File, Format Version 12.00
# Visual Studio Version 16
VisualStudioVersion = 16.0.30717.126
MinimumVisualStudioVersion = 10.0.40219.1
Project("{FAE04EC0-301F-11D3-BF4B-00C04F79EFBC}") = "Bad-example", "Bad-example.csproj", "{FBB51F26-3CB0-48D5-8CFE-D28165088D08}"
EndProject
Global
	GlobalSection(SolutionConfigurationPlatforms) = preSolution
		Debug|Any CPU = Debug|Any CPU
		Release|Any CPU = Release|Any CPU
	EndGlobalSection
	GlobalSection(ProjectConfigurationPlatforms) = postSolution
		{FBB51F26-3CB0-48D5-8CFE-D28165088D08}.Debug|Any CPU.ActiveCfg = Debug|Any CPU
		{FBB51F26-3CB0-48D5-8CFE-D28165088D08}.Debug|Any CPU.Build.0 = Debug|Any CPU
		{FBB51F26-3CB0-48D5-8CFE-D28165088D08}.Release|Any CPU.ActiveCfg = Release|Any CPU
		{FBB51F26-3CB0-48D5-8CFE-D28165088D08}.Release|Any CPU.Build.0 = Release|Any CPU
	EndGlobalSection
	GlobalSection(SolutionProperties) = preSolution
		HideSolutionNode = FALSE
	EndGlobalSection
	GlobalSection(ExtensibilityGlobals) = postSolution
		SolutionGuid = {322698A7-CC22-475A-912A-28E0519A6B80}
	EndGlobalSection
EndGlobal
